{
    "name": "@symbioticfi/rewards-v2",
    "version": "1.0.0-rc.0",
    "lockfileVersion": 3,
    "requires": true,
    "packages": {
        "": {
            "name": "@symbioticfi/rewards-v2",
            "version": "1.0.0-rc.0",
            "dependencies": {
                "@openzeppelin/contracts": "5.4.0",
                "@openzeppelin/contracts-upgradeable": "5.4.0",
                "@symbioticfi/core": "1.0.3"
            }
        },
        "node_modules/.pnpm/@openzeppelin+contracts-upgradeable@5.0.2_@openzeppelin+contracts@5.0.2": {},
        "node_modules/.pnpm/@openzeppelin+contracts-upgradeable@5.0.2_@openzeppelin+contracts@5.0.2/node_modules/@openzeppelin/contracts": {
            "resolved": "node_modules/.pnpm/@openzeppelin+contracts@5.0.2/node_modules/@openzeppelin/contracts",
            "link": true
        },
        "node_modules/.pnpm/@openzeppelin+contracts-upgradeable@5.0.2_@openzeppelin+contracts@5.0.2/node_modules/@openzeppelin/contracts-upgradeable": {
            "version": "5.0.2",
            "license": "MIT",
            "peerDependencies": {
                "@openzeppelin/contracts": "5.0.2"
            }
        },
        "node_modules/.pnpm/@openzeppelin+contracts-upgradeable@5.4.0_@openzeppelin+contracts@5.4.0": {},
        "node_modules/.pnpm/@openzeppelin+contracts-upgradeable@5.4.0_@openzeppelin+contracts@5.4.0/node_modules/@openzeppelin/contracts": {
            "resolved": "node_modules/.pnpm/@openzeppelin+contracts@5.4.0/node_modules/@openzeppelin/contracts",
            "link": true
        },
        "node_modules/.pnpm/@openzeppelin+contracts-upgradeable@5.4.0_@openzeppelin+contracts@5.4.0/node_modules/@openzeppelin/contracts-upgradeable": {
            "version": "5.4.0",
            "license": "MIT",
            "peerDependencies": {
                "@openzeppelin/contracts": "5.4.0"
            }
        },
        "node_modules/.pnpm/@openzeppelin+contracts@5.0.2/node_modules/@openzeppelin/contracts": {
            "version": "5.0.2",
            "license": "MIT"
        },
        "node_modules/.pnpm/@openzeppelin+contracts@5.4.0/node_modules/@openzeppelin/contracts": {
            "version": "5.4.0",
            "license": "MIT"
        },
        "node_modules/.pnpm/@symbioticfi+core@1.0.3": {},
        "node_modules/.pnpm/@symbioticfi+core@1.0.3/node_modules/@openzeppelin/contracts": {
            "resolved": "node_modules/.pnpm/@openzeppelin+contracts@5.0.2/node_modules/@openzeppelin/contracts",
            "link": true
        },
        "node_modules/.pnpm/@symbioticfi+core@1.0.3/node_modules/@openzeppelin/contracts-upgradeable": {
            "resolved": "node_modules/.pnpm/@openzeppelin+contracts-upgradeable@5.0.2_@openzeppelin+contracts@5.0.2/node_modules/@openzeppelin/contracts-upgradeable",
            "link": true
        },
        "node_modules/.pnpm/@symbioticfi+core@1.0.3/node_modules/@symbioticfi/core": {
            "version": "1.0.3",
            "license": "BUSL-1.1",
            "dependencies": {
                "@openzeppelin/contracts": "5.0.2",
                "@openzeppelin/contracts-upgradeable": "5.0.2"
            }
        },
        "node_modules/@openzeppelin/contracts": {
            "resolved": "node_modules/.pnpm/@openzeppelin+contracts@5.4.0/node_modules/@openzeppelin/contracts",
            "link": true
        },
        "node_modules/@openzeppelin/contracts-upgradeable": {
            "resolved": "node_modules/.pnpm/@openzeppelin+contracts-upgradeable@5.4.0_@openzeppelin+contracts@5.4.0/node_modules/@openzeppelin/contracts-upgradeable",
            "link": true
        },
        "node_modules/@symbioticfi/core": {
            "resolved": "node_modules/.pnpm/@symbioticfi+core@1.0.3/node_modules/@symbioticfi/core",
            "link": true
        }
    }
}
